// !$*UTF8*$!
{
	archiveVersion = 1;
	classes = {
	};
	objectVersion = 77;
	objects = {

/* Begin PBXBuildFile section */
		E9B581C72E23404700DD3FAC /* Supabase in Frameworks */ = {isa = PBXBuildFile; productRef = E9B581C62E23404700DD3FAC /* Supabase */; };
/* End PBXBuildFile section */

/* Begin PBXContainerItemProxy section */
		E936C8152E15CBDB0061DBFE /* PBXContainerItemProxy */ = {
			isa = PBXContainerItemProxy;
			containerPortal = E936C7FB2E15CBD90061DBFE /* Project object */;
			proxyType = 1;
			remoteGlobalIDString = E936C8022E15CBD90061DBFE;
			remoteInfo = SWEEPLYPRO;
		};
		E936C81F2E15CBDB0061DBFE /* PBXContainerItemProxy */ = {
			isa = PBXContainerItemProxy;
			containerPortal = E936C7FB2E15CBD90061DBFE /* Project object */;
			proxyType = 1;
			remoteGlobalIDString = E936C8022E15CBD90061DBFE;
			remoteInfo = SWEEPLYPRO;
		};
/* End PBXContainerItemProxy section */

/* Begin PBXCopyFilesBuildPhase section */
		E9FBF13A2E1B2C3D0031C94B /* Embed Foundation Extensions */ = {
			isa = PBXCopyFilesBuildPhase;
			buildActionMask = 2147483647;
			dstPath = "";
			dstSubfolderSpec = 13;
			files = (
			);
			name = "Embed Foundation Extensions";
			runOnlyForDeploymentPostprocessing = 0;
		};
/* End PBXCopyFilesBuildPhase section */

/* Begin PBXFileReference section */
		E936C8032E15CBD90061DBFE /* SWEEPLYPRO.app */ = {isa = PBXFileReference; explicitFileType = wrapper.application; includeInIndex = 0; path = SWEEPLYPRO.app; sourceTree = BUILT_PRODUCTS_DIR; };
		E936C8142E15CBDB0061DBFE /* SWEEPLYPROTests.xctest */ = {isa = PBXFileReference; explicitFileType = wrapper.cfbundle; includeInIndex = 0; path = SWEEPLYPROTests.xctest; sourceTree = BUILT_PRODUCTS_DIR; };
		E936C81E2E15CBDB0061DBFE /* SWEEPLYPROUITests.xctest */ = {isa = PBXFileReference; explicitFileType = wrapper.cfbundle; includeInIndex = 0; path = SWEEPLYPROUITests.xctest; sourceTree = BUILT_PRODUCTS_DIR; };
		E9FBF1212E1B2C3B0031C94B /* WidgetKit.framework */ = {isa = PBXFileReference; lastKnownFileType = wrapper.framework; name = WidgetKit.framework; path = System/Library/Frameworks/WidgetKit.framework; sourceTree = SDKROOT; };
		E9FBF1232E1B2C3B0031C94B /* SwiftUI.framework */ = {isa = PBXFileReference; lastKnownFileType = wrapper.framework; name = SwiftUI.framework; path = System/Library/Frameworks/SwiftUI.framework; sourceTree = SDKROOT; };
/* End PBXFileReference section */

/* Begin PBXFileSystemSynchronizedBuildFileExceptionSet section */
		E936C8262E15CBDB0061DBFE /* Exceptions for "SWEEPLYPRO" folder in "SWEEPLYPRO" target */ = {
			isa = PBXFileSystemSynchronizedBuildFileExceptionSet;
			membershipExceptions = (
				Info.plist,
			);
			target = E936C8022E15CBD90061DBFE /* SWEEPLYPRO */;
		};
/* End PBXFileSystemSynchronizedBuildFileExceptionSet section */

/* Begin PBXFileSystemSynchronizedRootGroup section */
		E936C8052E15CBD90061DBFE /* SWEEPLYPRO */ = {
			isa = PBXFileSystemSynchronizedRootGroup;
			exceptions = (
				E936C8262E15CBDB0061DBFE /* Exceptions for "SWEEPLYPRO" folder in "SWEEPLYPRO" target */,
			);
			path = SWEEPLYPRO;
			sourceTree = "<group>";
		};
		E936C8172E15CBDB0061DBFE /* SWEEPLYPROTests */ = {
			isa = PBXFileSystemSynchronizedRootGroup;
			path = SWEEPLYPROTests;
			sourceTree = "<group>";
		};
		E936C8212E15CBDB0061DBFE /* SWEEPLYPROUITests */ = {
			isa = PBXFileSystemSynchronizedRootGroup;
			path = SWEEPLYPROUITests;
			sourceTree = "<group>";
		};
/* End PBXFileSystemSynchronizedRootGroup section */

/* Begin PBXFrameworksBuildPhase section */
		E936C8002E15CBD90061DBFE /* Frameworks */ = {
			isa = PBXFrameworksBuildPhase;
			buildActionMask = 2147483647;
			files = (
				E9B581C72E23404700DD3FAC /* Supabase in Frameworks */,
			);
			runOnlyForDeploymentPostprocessing = 0;
		};
		E936C8112E15CBDB0061DBFE /* Frameworks */ = {
			isa = PBXFrameworksBuildPhase;
			buildActionMask = 2147483647;
			files = (
			);
			runOnlyForDeploymentPostprocessing = 0;
		};
		E936C81B2E15CBDB0061DBFE /* Frameworks */ = {
			isa = PBXFrameworksBuildPhase;
			buildActionMask = 2147483647;
			files = (
			);
			runOnlyForDeploymentPostprocessing = 0;
		};
/* End PBXFrameworksBuildPhase section */

/* Begin PBXGroup section */
		E936C7FA2E15CBD90061DBFE = {
			isa = PBXGroup;
			children = (
				E936C8052E15CBD90061DBFE /* SWEEPLYPRO */,
				E936C8172E15CBDB0061DBFE /* SWEEPLYPROTests */,
				E936C8212E15CBDB0061DBFE /* SWEEPLYPROUITests */,
				E9FBF1202E1B2C3B0031C94B /* Frameworks */,
				E936C8042E15CBD90061DBFE /* Products */,
			);
			sourceTree = "<group>";
		};
		E936C8042E15CBD90061DBFE /* Products */ = {
			isa = PBXGroup;
			children = (
				E936C8032E15CBD90061DBFE /* SWEEPLYPRO.app */,
				E936C8142E15CBDB0061DBFE /* SWEEPLYPROTests.xctest */,
				E936C81E2E15CBDB0061DBFE /* SWEEPLYPROUITests.xctest */,
			);
			name = Products;
			sourceTree = "<group>";
		};
		E9FBF1202E1B2C3B0031C94B /* Frameworks */ = {
			isa = PBXGroup;
			children = (
				E9FBF1212E1B2C3B0031C94B /* WidgetKit.framework */,
				E9FBF1232E1B2C3B0031C94B /* SwiftUI.framework */,
			);
			name = Frameworks;
			sourceTree = "<group>";
		};
/* End PBXGroup section */

/* Begin PBXNativeTarget section */
		E936C8022E15CBD90061DBFE /* SWEEPLYPRO */ = {
			isa = PBXNativeTarget;
			buildConfigurationList = E936C8272E15CBDB0061DBFE /* Build configuration list for PBXNativeTarget "SWEEPLYPRO" */;
			buildPhases = (
				E936C7FF2E15CBD90061DBFE /* Sources */,
				E936C8002E15CBD90061DBFE /* Frameworks */,
				E936C8012E15CBD90061DBFE /* Resources */,
				E9FBF13A2E1B2C3D0031C94B /* Embed Foundation Extensions */,
			);
			buildRules = (
			);
			dependencies = (
			);
			fileSystemSynchronizedGroups = (
				E936C8052E15CBD90061DBFE /* SWEEPLYPRO */,
			);
			name = SWEEPLYPRO;
			packageProductDependencies = (
				E9B581C62E23404700DD3FAC /* Supabase */,
			);
			productName = SWEEPLYPRO;
			productReference = E936C8032E15CBD90061DBFE /* SWEEPLYPRO.app */;
			productType = "com.apple.product-type.application";
		};
		E936C8132E15CBDB0061DBFE /* SWEEPLYPROTests */ = {
			isa = PBXNativeTarget;
			buildConfigurationList = E936C82C2E15CBDB0061DBFE /* Build configuration list for PBXNativeTarget "SWEEPLYPROTests" */;
			buildPhases = (
				E936C8102E15CBDB0061DBFE /* Sources */,
				E936C8112E15CBDB0061DBFE /* Frameworks */,
				E936C8122E15CBDB0061DBFE /* Resources */,
			);
			buildRules = (
			);
			dependencies = (
				E936C8162E15CBDB0061DBFE /* PBXTargetDependency */,
			);
			fileSystemSynchronizedGroups = (
				E936C8172E15CBDB0061DBFE /* SWEEPLYPROTests */,
			);
			name = SWEEPLYPROTests;
			packageProductDependencies = (
			);
			productName = SWEEPLYPROTests;
			productReference = E936C8142E15CBDB0061DBFE /* SWEEPLYPROTests.xctest */;
			productType = "com.apple.product-type.bundle.unit-test";
		};
		E936C81D2E15CBDB0061DBFE /* SWEEPLYPROUITests */ = {
			isa = PBXNativeTarget;
			buildConfigurationList = E936C82F2E15CBDB0061DBFE /* Build configuration list for PBXNativeTarget "SWEEPLYPROUITests" */;
			buildPhases = (
				E936C81A2E15CBDB0061DBFE /* Sources */,
				E936C81B2E15CBDB0061DBFE /* Frameworks */,
				E936C81C2E15CBDB0061DBFE /* Resources */,
			);
			buildRules = (
			);
			dependencies = (
				E936C8202E15CBDB0061DBFE /* PBXTargetDependency */,
			);
			fileSystemSynchronizedGroups = (
				E936C8212E15CBDB0061DBFE /* SWEEPLYPROUITests */,
			);
			name = SWEEPLYPROUITests;
			packageProductDependencies = (
			);
			productName = SWEEPLYPROUITests;
			productReference = E936C81E2E15CBDB0061DBFE /* SWEEPLYPROUITests.xctest */;
			productType = "com.apple.product-type.bundle.ui-testing";
		};
/* End PBXNativeTarget section */

/* Begin PBXProject section */
		E936C7FB2E15CBD90061DBFE /* Project object */ = {
			isa = PBXProject;
			attributes = {
				BuildIndependentTargetsInParallel = 1;
				LastSwiftUpdateCheck = 1640;
				LastUpgradeCheck = 1640;
				TargetAttributes = {
					E936C8022E15CBD90061DBFE = {
						CreatedOnToolsVersion = 16.4;
					};
					E936C8132E15CBDB0061DBFE = {
						CreatedOnToolsVersion = 16.4;
						TestTargetID = E936C8022E15CBD90061DBFE;
					};
					E936C81D2E15CBDB0061DBFE = {
						CreatedOnToolsVersion = 16.4;
						TestTargetID = E936C8022E15CBD90061DBFE;
					};
				};
			};
			buildConfigurationList = E936C7FE2E15CBD90061DBFE /* Build configuration list for PBXProject "SWEEPLYPRO" */;
			developmentRegion = en;
			hasScannedForEncodings = 0;
			knownRegions = (
				en,
				Base,
			);
			mainGroup = E936C7FA2E15CBD90061DBFE;
			minimizedProjectReferenceProxies = 1;
			packageReferences = (
				E9B581C52E23404700DD3FAC /* XCRemoteSwiftPackageReference "supabase-swift" */,
			);
			preferredProjectObjectVersion = 77;
			productRefGroup = E936C8042E15CBD90061DBFE /* Products */;
			projectDirPath = "";
			projectRoot = "";
			targets = (
				E936C8022E15CBD90061DBFE /* SWEEPLYPRO */,
				E936C8132E15CBDB0061DBFE /* SWEEPLYPROTests */,
				E936C81D2E15CBDB0061DBFE /* SWEEPLYPROUITests */,
			);
		};
/* End PBXProject section */

/* Begin PBXResourcesBuildPhase section */
		E936C8012E15CBD90061DBFE /* Resources */ = {
			isa = PBXResourcesBuildPhase;
			buildActionMask = 2147483647;
			files = (
			);
			runOnlyForDeploymentPostprocessing = 0;
		};
		E936C8122E15CBDB0061DBFE /* Resources */ = {
			isa = PBXResourcesBuildPhase;
			buildActionMask = 2147483647;
			files = (
			);
			runOnlyForDeploymentPostprocessing = 0;
		};
		E936C81C2E15CBDB0061DBFE /* Resources */ = {
			isa = PBXResourcesBuildPhase;
			buildActionMask = 2147483647;
			files = (
			);
			runOnlyForDeploymentPostprocessing = 0;
		};
/* End PBXResourcesBuildPhase section */

/* Begin PBXSourcesBuildPhase section */
		E936C7FF2E15CBD90061DBFE /* Sources */ = {
			isa = PBXSourcesBuildPhase;
			buildActionMask = 2147483647;
			files = (
			);
			runOnlyForDeploymentPostprocessing = 0;
		};
		E936C8102E15CBDB0061DBFE /* Sources */ = {
			isa = PBXSourcesBuildPhase;
			buildActionMask = 2147483647;
			files = (
			);
			runOnlyForDeploymentPostprocessing = 0;
		};
		E936C81A2E15CBDB0061DBFE /* Sources */ = {
			isa = PBXSourcesBuildPhase;
			buildActionMask = 2147483647;
			files = (
			);
			runOnlyForDeploymentPostprocessing = 0;
		};
/* End PBXSourcesBuildPhase section */

/* Begin PBXTargetDependency section */
		E936C8162E15CBDB0061DBFE /* PBXTargetDependency */ = {
			isa = PBXTargetDependency;
			target = E936C8022E15CBD90061DBFE /* SWEEPLYPRO */;
			targetProxy = E936C8152E15CBDB0061DBFE /* PBXContainerItemProxy */;
		};
		E936C8202E15CBDB0061DBFE /* PBXTargetDependency */ = {
			isa = PBXTargetDependency;
			target = E936C8022E15CBD90061DBFE /* SWEEPLYPRO */;
			targetProxy = E936C81F2E15CBDB0061DBFE /* PBXContainerItemProxy */;
		};
/* End PBXTargetDependency section */

/* Begin XCBuildConfiguration section */
		E936C8282E15CBDB0061DBFE /* Debug */ = {
			isa = XCBuildConfiguration;
			buildSettings = {
				ASSETCATALOG_COMPILER_GLOBAL_ACCENT_COLOR_NAME = AccentColor;
				CODE_SIGN_ENTITLEMENTS = SWEEPLYPRO/SWEEPLYPRO.entitlements;
				CODE_SIGN_STYLE = Automatic;
				CURRENT_PROJECT_VERSION = 1;
				DEVELOPMENT_TEAM = YCZQ7F8K2U;
				ENABLE_PREVIEWS = YES;
				GENERATE_INFOPLIST_FILE = YES;
				INFOPLIST_FILE = SWEEPLYPRO/Info.plist;
				INFOPLIST_KEY_CFBundleDisplayName = "Sweeply CRM & Growth ";
				INFOPLIST_KEY_LSApplicationCategoryType = "public.app-category.utilities";
				INFOPLIST_KEY_UIApplicationSceneManifest_Generation = YES;
				INFOPLIST_KEY_UIApplicationSupportsIndirectInputEvents = YES;
				INFOPLIST_KEY_UILaunchScreen_Generation = YES;
				INFOPLIST_KEY_UISupportedInterfaceOrientations_iPad = "UIInterfaceOrientationPortrait UIInterfaceOrientationPortraitUpsideDown UIInterfaceOrientationLandscapeLeft UIInterfaceOrientationLandscapeRight";
				INFOPLIST_KEY_UISupportedInterfaceOrientations_iPhone = "UIInterfaceOrientationPortrait UIInterfaceOrientationLandscapeLeft UIInterfaceOrientationLandscapeRight";
				LD_RUNPATH_SEARCH_PATHS = (
					"$(inherited)",
					"@executable_path/Frameworks",
				);
				MARKETING_VERSION = 1.0;
				PRODUCT_BUNDLE_IDENTIFIER = sweeply.SWEEPLYPRO;
				PRODUCT_NAME = "$(TARGET_NAME)";
				SWIFT_EMIT_LOC_STRINGS = YES;
				SWIFT_VERSION = 5.0;
				TARGETED_DEVICE_FAMILY = "1,2";
			};
			name = Debug;
		};
		E936C8292E15CBDB0061DBFE /* Release */ = {
			isa = XCBuildConfiguration;
			buildSettings = {
				ASSETCATALOG_COMPILER_GLOBAL_ACCENT_COLOR_NAME = AccentColor;
				CODE_SIGN_ENTITLEMENTS = SWEEPLYPRO/SWEEPLYPRO.entitlements;
				CODE_SIGN_STYLE = Automatic;
				CURRENT_PROJECT_VERSION = 1;
				DEVELOPMENT_TEAM = YCZQ7F8K2U;
				ENABLE_PREVIEWS = YES;
				GENERATE_INFOPLIST_FILE = YES;
				INFOPLIST_FILE = SWEEPLYPRO/Info.plist;
				INFOPLIST_KEY_CFBundleDisplayName = "Sweeply CRM & Growth ";
				INFOPLIST_KEY_LSApplicationCategoryType = "public.app-category.utilities";
				INFOPLIST_KEY_UIApplicationSceneManifest_Generation = YES;
				INFOPLIST_KEY_UIApplicationSupportsIndirectInputEvents = YES;
				INFOPLIST_KEY_UILaunchScreen_Generation = YES;
				INFOPLIST_KEY_UISupportedInterfaceOrientations_iPad = "UIInterfaceOrientationPortrait UIInterfaceOrientationPortraitUpsideDown UIInterfaceOrientationLandscapeLeft UIInterfaceOrientationLandscapeRight";
				INFOPLIST_KEY_UISupportedInterfaceOrientations_iPhone = "UIInterfaceOrientationPortrait UIInterfaceOrientationLandscapeLeft UIInterfaceOrientationLandscapeRight";
				LD_RUNPATH_SEARCH_PATHS = (
					"$(inherited)",
					"@executable_path/Frameworks",
				);
				MARKETING_VERSION = 1.0;
				PRODUCT_BUNDLE_IDENTIFIER = sweeply.SWEEPLYPRO;
				PRODUCT_NAME = "$(TARGET_NAME)";
				SWIFT_EMIT_LOC_STRINGS = YES;
				SWIFT_VERSION = 5.0;
				TARGETED_DEVICE_FAMILY = "1,2";
			};
			name = Release;
		};
		E936C82A2E15CBDB0061DBFE /* Debug */ = {
			isa = XCBuildConfiguration;
			buildSettings = {
				ALWAYS_SEARCH_USER_PATHS = NO;
				ASSETCATALOG_COMPILER_GENERATE_SWIFT_ASSET_SYMBOL_EXTENSIONS = YES;
				CLANG_ANALYZER_NONNULL = YES;
				CLANG_ANALYZER_NUMBER_OBJECT_CONVERSION = YES_AGGRESSIVE;
				CLANG_CXX_LANGUAGE_STANDARD = "gnu++20";
				CLANG_ENABLE_MODULES = YES;
				CLANG_ENABLE_OBJC_ARC = YES;
				CLANG_ENABLE_OBJC_WEAK = YES;
				CLANG_WARN_BLOCK_CAPTURE_AUTORELEASING = YES;
				CLANG_WARN_BOOL_CONVERSION = YES;
				CLANG_WARN_COMMA = YES;
				CLANG_WARN_CONSTANT_CONVERSION = YES;
				CLANG_WARN_DEPRECATED_OBJC_IMPLEMENTATIONS = YES;
				CLANG_WARN_DIRECT_OBJC_ISA_USAGE = YES_ERROR;
				CLANG_WARN_DOCUMENTATION_COMMENTS = YES;
				CLANG_WARN_EMPTY_BODY = YES;
				CLANG_WARN_ENUM_CONVERSION = YES;
				CLANG_WARN_INFINITE_RECURSION = YES;
				CLANG_WARN_INT_CONVERSION = YES;
				CLANG_WARN_NON_LITERAL_NULL_CONVERSION = YES;
				CLANG_WARN_OBJC_IMPLICIT_RETAIN_SELF = YES;
				CLANG_WARN_OBJC_LITERAL_CONVERSION = YES;
				CLANG_WARN_OBJC_ROOT_CLASS = YES_ERROR;
				CLANG_WARN_QUOTED_INCLUDE_IN_FRAMEWORK_HEADER = YES;
				CLANG_WARN_RANGE_LOOP_ANALYSIS = YES;
				CLANG_WARN_STRICT_PROTOTYPES = YES;
				CLANG_WARN_SUSPICIOUS_MOVE = YES;
				CLANG_WARN_UNGUARDED_AVAILABILITY = YES_AGGRESSIVE;
				CLANG_WARN_UNREACHABLE_CODE = YES;
				CLANG_WARN__DUPLICATE_METHOD_MATCH = YES;
				COPY_PHASE_STRIP = NO;
				DEBUG_INFORMATION_FORMAT = dwarf;
				DEVELOPMENT_TEAM = YCZQ7F8K2U;
				ENABLE_STRICT_OBJC_MSGSEND = YES;
				ENABLE_TESTABILITY = YES;
				ENABLE_USER_SCRIPT_SANDBOXING = YES;
				GCC_C_LANGUAGE_STANDARD = gnu17;
				GCC_DYNAMIC_NO_PIC = NO;
				GCC_NO_COMMON_BLOCKS = YES;
				GCC_OPTIMIZATION_LEVEL = 0;
				GCC_PREPROCESSOR_DEFINITIONS = (
					"DEBUG=1",
					"$(inherited)",
				);
				GCC_WARN_64_TO_32_BIT_CONVERSION = YES;
				GCC_WARN_ABOUT_RETURN_TYPE = YES_ERROR;
				GCC_WARN_UNDECLARED_SELECTOR = YES;
				GCC_WARN_UNINITIALIZED_AUTOS = YES_AGGRESSIVE;
				GCC_WARN_UNUSED_FUNCTION = YES;
				GCC_WARN_UNUSED_VARIABLE = YES;
				IPHONEOS_DEPLOYMENT_TARGET = 18.5;
				LOCALIZATION_PREFERS_STRING_CATALOGS = YES;
				MTL_ENABLE_DEBUG_INFO = INCLUDE_SOURCE;
				MTL_FAST_MATH = YES;
				ONLY_ACTIVE_ARCH = YES;
				SDKROOT = iphoneos;
				SWIFT_ACTIVE_COMPILATION_CONDITIONS = "DEBUG $(inherited)";
				SWIFT_OPTIMIZATION_LEVEL = "-Onone";
			};
			name = Debug;
		};
		E936C82B2E15CBDB0061DBFE /* Release */ = {
			isa = XCBuildConfiguration;
			buildSettings = {
				ALWAYS_SEARCH_USER_PATHS = NO;
				ASSETCATALOG_COMPILER_GENERATE_SWIFT_ASSET_SYMBOL_EXTENSIONS = YES;
				CLANG_ANALYZER_NONNULL = YES;
				CLANG_ANALYZER_NUMBER_OBJECT_CONVERSION = YES_AGGRESSIVE;
				CLANG_CXX_LANGUAGE_STANDARD = "gnu++20";
				CLANG_ENABLE_MODULES = YES;
				CLANG_ENABLE_OBJC_ARC = YES;
				CLANG_ENABLE_OBJC_WEAK = YES;
				CLANG_WARN_BLOCK_CAPTURE_AUTORELEASING = YES;
				CLANG_WARN_BOOL_CONVERSION = YES;
				CLANG_WARN_COMMA = YES;
				CLANG_WARN_CONSTANT_CONVERSION = YES;
				CLANG_WARN_DEPRECATED_OBJC_IMPLEMENTATIONS = YES;
				CLANG_WARN_DIRECT_OBJC_ISA_USAGE = YES_ERROR;
				CLANG_WARN_DOCUMENTATION_COMMENTS = YES;
				CLANG_WARN_EMPTY_BODY = YES;
				CLANG_WARN_ENUM_CONVERSION = YES;
				CLANG_WARN_INFINITE_RECURSION = YES;
				CLANG_WARN_INT_CONVERSION = YES;
				CLANG_WARN_NON_LITERAL_NULL_CONVERSION = YES;
				CLANG_WARN_OBJC_IMPLICIT_RETAIN_SELF = YES;
				CLANG_WARN_OBJC_LITERAL_CONVERSION = YES;
				CLANG_WARN_OBJC_ROOT_CLASS = YES_ERROR;
				CLANG_WARN_QUOTED_INCLUDE_IN_FRAMEWORK_HEADER = YES;
				CLANG_WARN_RANGE_LOOP_ANALYSIS = YES;
				CLANG_WARN_STRICT_PROTOTYPES = YES;
				CLANG_WARN_SUSPICIOUS_MOVE = YES;
				CLANG_WARN_UNGUARDED_AVAILABILITY = YES_AGGRESSIVE;
				CLANG_WARN_UNREACHABLE_CODE = YES;
				CLANG_WARN__DUPLICATE_METHOD_MATCH = YES;
				COPY_PHASE_STRIP = NO;
				DEBUG_INFORMATION_FORMAT = "dwarf-with-dsym";
				DEVELOPMENT_TEAM = YCZQ7F8K2U;
				ENABLE_NS_ASSERTIONS = NO;
				ENABLE_STRICT_OBJC_MSGSEND = YES;
				ENABLE_USER_SCRIPT_SANDBOXING = YES;
				GCC_C_LANGUAGE_STANDARD = gnu17;
				GCC_NO_COMMON_BLOCKS = YES;
				GCC_WARN_64_TO_32_BIT_CONVERSION = YES;
				GCC_WARN_ABOUT_RETURN_TYPE = YES_ERROR;
				GCC_WARN_UNDECLARED_SELECTOR = YES;
				GCC_WARN_UNINITIALIZED_AUTOS = YES_AGGRESSIVE;
				GCC_WARN_UNUSED_FUNCTION = YES;
				GCC_WARN_UNUSED_VARIABLE = YES;
				IPHONEOS_DEPLOYMENT_TARGET = 18.5;
				LOCALIZATION_PREFERS_STRING_CATALOGS = YES;
				MTL_ENABLE_DEBUG_INFO = NO;
				MTL_FAST_MATH = YES;
				SDKROOT = iphoneos;
				SWIFT_COMPILATION_MODE = wholemodule;
				VALIDATE_PRODUCT = YES;
			};
			name = Release;
		};
		E936C82D2E15CBDB0061DBFE /* Debug */ = {
			isa = XCBuildConfiguration;
			buildSettings = {
				BUNDLE_LOADER = "$(TEST_HOST)";
				CODE_SIGN_STYLE = Automatic;
				CURRENT_PROJECT_VERSION = 1;
				DEVELOPMENT_TEAM = YCZQ7F8K2U;
				GENERATE_INFOPLIST_FILE = YES;
				IPHONEOS_DEPLOYMENT_TARGET = 18.5;
				MARKETING_VERSION = 1.0;
				PRODUCT_BUNDLE_IDENTIFIER = sweeply.SWEEPLYPROTests;
				PRODUCT_NAME = "$(TARGET_NAME)";
				SWIFT_EMIT_LOC_STRINGS = NO;
				SWIFT_VERSION = 5.0;
				TARGETED_DEVICE_FAMILY = "1,2";
				TEST_HOST = "$(BUILT_PRODUCTS_DIR)/SWEEPLYPRO.app/$(BUNDLE_EXECUTABLE_FOLDER_PATH)/SWEEPLYPRO";
			};
			name = Debug;
		};
		E936C82E2E15CBDB0061DBFE /* Release */ = {
			isa = XCBuildConfiguration;
			buildSettings = {
				BUNDLE_LOADER = "$(TEST_HOST)";
				CODE_SIGN_STYLE = Automatic;
				CURRENT_PROJECT_VERSION = 1;
				DEVELOPMENT_TEAM = YCZQ7F8K2U;
				GENERATE_INFOPLIST_FILE = YES;
				IPHONEOS_DEPLOYMENT_TARGET = 18.5;
				MARKETING_VERSION = 1.0;
				PRODUCT_BUNDLE_IDENTIFIER = sweeply.SWEEPLYPROTests;
				PRODUCT_NAME = "$(TARGET_NAME)";
				SWIFT_EMIT_LOC_STRINGS = NO;
				SWIFT_VERSION = 5.0;
				TARGETED_DEVICE_FAMILY = "1,2";
				TEST_HOST = "$(BUILT_PRODUCTS_DIR)/SWEEPLYPRO.app/$(BUNDLE_EXECUTABLE_FOLDER_PATH)/SWEEPLYPRO";
			};
			name = Release;
		};
		E936C8302E15CBDB0061DBFE /* Debug */ = {
			isa = XCBuildConfiguration;
			buildSettings = {
				CODE_SIGN_STYLE = Automatic;
				CURRENT_PROJECT_VERSION = 1;
				DEVELOPMENT_TEAM = YCZQ7F8K2U;
				GENERATE_INFOPLIST_FILE = YES;
				MARKETING_VERSION = 1.0;
				PRODUCT_BUNDLE_IDENTIFIER = sweeply.SWEEPLYPROUITests;
				PRODUCT_NAME = "$(TARGET_NAME)";
				SWIFT_EMIT_LOC_STRINGS = NO;
				SWIFT_VERSION = 5.0;
				TARGETED_DEVICE_FAMILY = "1,2";
				TEST_TARGET_NAME = SWEEPLYPRO;
			};
			name = Debug;
		};
		E936C8312E15CBDB0061DBFE /* Release */ = {
			isa = XCBuildConfiguration;
			buildSettings = {
				CODE_SIGN_STYLE = Automatic;
				CURRENT_PROJECT_VERSION = 1;
				DEVELOPMENT_TEAM = YCZQ7F8K2U;
				GENERATE_INFOPLIST_FILE = YES;
				MARKETING_VERSION = 1.0;
				PRODUCT_BUNDLE_IDENTIFIER = sweeply.SWEEPLYPROUITests;
				PRODUCT_NAME = "$(TARGET_NAME)";
				SWIFT_EMIT_LOC_STRINGS = NO;
				SWIFT_VERSION = 5.0;
				TARGETED_DEVICE_FAMILY = "1,2";
				TEST_TARGET_NAME = SWEEPLYPRO;
			};
			name = Release;
		};
/* End XCBuildConfiguration section */

/* Begin XCConfigurationList section */
		E936C7FE2E15CBD90061DBFE /* Build configuration list for PBXProject "SWEEPLYPRO" */ = {
			isa = XCConfigurationList;
			buildConfigurations = (
				E936C82A2E15CBDB0061DBFE /* Debug */,
				E936C82B2E15CBDB0061DBFE /* Release */,
			);
			defaultConfigurationIsVisible = 0;
			defaultConfigurationName = Release;
		};
		E936C8272E15CBDB0061DBFE /* Build configuration list for PBXNativeTarget "SWEEPLYPRO" */ = {
			isa = XCConfigurationList;
			buildConfigurations = (
				E936C8282E15CBDB0061DBFE /* Debug */,
				E936C8292E15CBDB0061DBFE /* Release */,
			);
			defaultConfigurationIsVisible = 0;
			defaultConfigurationName = Release;
		};
		E936C82C2E15CBDB0061DBFE /* Build configuration list for PBXNativeTarget "SWEEPLYPROTests" */ = {
			isa = XCConfigurationList;
			buildConfigurations = (
				E936C82D2E15CBDB0061DBFE /* Debug */,
				E936C82E2E15CBDB0061DBFE /* Release */,
			);
			defaultConfigurationIsVisible = 0;
			defaultConfigurationName = Release;
		};
		E936C82F2E15CBDB0061DBFE /* Build configuration list for PBXNativeTarget "SWEEPLYPROUITests" */ = {
			isa = XCConfigurationList;
			buildConfigurations = (
				E936C8302E15CBDB0061DBFE /* Debug */,
				E936C8312E15CBDB0061DBFE /* Release */,
			);
			defaultConfigurationIsVisible = 0;
			defaultConfigurationName = Release;
		};
/* End XCConfigurationList section */

/* Begin XCRemoteSwiftPackageReference section */
		E9B581C52E23404700DD3FAC /* XCRemoteSwiftPackageReference "supabase-swift" */ = {
			isa = XCRemoteSwiftPackageReference;
			repositoryURL = "https://github.com/supabase/supabase-swift";
			requirement = {
				kind = upToNextMajorVersion;
				minimumVersion = 2.5.1;
			};
		};
/* End XCRemoteSwiftPackageReference section */

/* Begin XCSwiftPackageProductDependency section */
		E9B581C62E23404700DD3FAC /* Supabase */ = {
			isa = XCSwiftPackageProductDependency;
			package = E9B581C52E23404700DD3FAC /* XCRemoteSwiftPackageReference "supabase-swift" */;
			productName = Supabase;
		};
/* End XCSwiftPackageProductDependency section */
	};
	rootObject = E936C7FB2E15CBD90061DBFE /* Project object */;
}
